
Microsoft Visual Studio Solution File, Format Version 12.00
# Visual Studio Version 17
VisualStudioVersion = 17.8.34322.80
MinimumVisualStudioVersion = 10.0.40219.1
Project("{FAE04EC0-301F-11D3-BF4B-00C04F79EFBC}") = "task1", "task1\task1.csproj", "{8413B70D-F233-44DD-972C-875175019EE4}"
EndProject
Project("{FAE04EC0-301F-11D3-BF4B-00C04F79EFBC}") = "task2", "task2\task2.csproj", "{66A3F356-960C-4D19-A547-086088A15B58}"
EndProject
Project("{FAE04EC0-301F-11D3-BF4B-00C04F79EFBC}") = "task3", "task3\task3.csproj", "{56FD6A59-F504-4E67-89F8-6E40C0C9E0C6}"
EndProject
Project("{FAE04EC0-301F-11D3-BF4B-00C04F79EFBC}") = "task4", "task4\task4.csproj", "{5F8AB00B-D80E-45A4-984F-B3E6C0BECEB7}"
EndProject
Global
	GlobalSection(SolutionConfigurationPlatforms) = preSolution
		Debug|Any CPU = Debug|Any CPU
		Release|Any CPU = Release|Any CPU
	EndGlobalSection
	GlobalSection(ProjectConfigurationPlatforms) = postSolution
		{8413B70D-F233-44DD-972C-875175019EE4}.Debug|Any CPU.ActiveCfg = Debug|Any CPU
		{8413B70D-F233-44DD-972C-875175019EE4}.Debug|Any CPU.Build.0 = Debug|Any CPU
		{8413B70D-F233-44DD-972C-875175019EE4}.Release|Any CPU.ActiveCfg = Release|Any CPU
		{8413B70D-F233-44DD-972C-875175019EE4}.Release|Any CPU.Build.0 = Release|Any CPU
		{66A3F356-960C-4D19-A547-086088A15B58}.Debug|Any CPU.ActiveCfg = Debug|Any CPU
		{66A3F356-960C-4D19-A547-086088A15B58}.Debug|Any CPU.Build.0 = Debug|Any CPU
		{66A3F356-960C-4D19-A547-086088A15B58}.Release|Any CPU.ActiveCfg = Release|Any CPU
		{66A3F356-960C-4D19-A547-086088A15B58}.Release|Any CPU.Build.0 = Release|Any CPU
		{56FD6A59-F504-4E67-89F8-6E40C0C9E0C6}.Debug|Any CPU.ActiveCfg = Debug|Any CPU
		{56FD6A59-F504-4E67-89F8-6E40C0C9E0C6}.Debug|Any CPU.Build.0 = Debug|Any CPU
		{56FD6A59-F504-4E67-89F8-6E40C0C9E0C6}.Release|Any CPU.ActiveCfg = Release|Any CPU
		{56FD6A59-F504-4E67-89F8-6E40C0C9E0C6}.Release|Any CPU.Build.0 = Release|Any CPU
		{5F8AB00B-D80E-45A4-984F-B3E6C0BECEB7}.Debug|Any CPU.ActiveCfg = Debug|Any CPU
		{5F8AB00B-D80E-45A4-984F-B3E6C0BECEB7}.Debug|Any CPU.Build.0 = Debug|Any CPU
		{5F8AB00B-D80E-45A4-984F-B3E6C0BECEB7}.Release|Any CPU.ActiveCfg = Release|Any CPU
		{5F8AB00B-D80E-45A4-984F-B3E6C0BECEB7}.Release|Any CPU.Build.0 = Release|Any CPU
	EndGlobalSection
	GlobalSection(SolutionProperties) = preSolution
		HideSolutionNode = FALSE
	EndGlobalSection
	GlobalSection(ExtensibilityGlobals) = postSolution
		SolutionGuid = {CD945231-208D-47C3-AEDC-561910CEBE38}
	EndGlobalSection
EndGlobal
